
Microsoft Visual Studio Solution File, Format Version 12.00
# Visual Studio 15
VisualStudioVersion = 15.0.27428.2002
MinimumVisualStudioVersion = 10.0.40219.1
Project("{FAE04EC0-301F-11D3-BF4B-00C04F79EFBC}") = "MINVU_APP_2018", "MINVU_APP_2018\MINVU_APP_2018.csproj", "{F7CB7D2F-CA28-4458-95C4-129C6153CA30}"
EndProject
Project("{FAE04EC0-301F-11D3-BF4B-00C04F79EFBC}") = "Negocio", "Negocio\Negocio.csproj", "{D4D6231B-1051-469B-9037-6FBA1B665BEB}"
EndProject
Global
	GlobalSection(SolutionConfigurationPlatforms) = preSolution
		Debug|Any CPU = Debug|Any CPU
		Release|Any CPU = Release|Any CPU
	EndGlobalSection
	GlobalSection(ProjectConfigurationPlatforms) = postSolution
		{F7CB7D2F-CA28-4458-95C4-129C6153CA30}.Debug|Any CPU.ActiveCfg = Debug|Any CPU
		{F7CB7D2F-CA28-4458-95C4-129C6153CA30}.Debug|Any CPU.Build.0 = Debug|Any CPU
		{F7CB7D2F-CA28-4458-95C4-129C6153CA30}.Release|Any CPU.ActiveCfg = Release|Any CPU
		{F7CB7D2F-CA28-4458-95C4-129C6153CA30}.Release|Any CPU.Build.0 = Release|Any CPU
		{D4D6231B-1051-469B-9037-6FBA1B665BEB}.Debug|Any CPU.ActiveCfg = Debug|Any CPU
		{D4D6231B-1051-469B-9037-6FBA1B665BEB}.Debug|Any CPU.Build.0 = Debug|Any CPU
		{D4D6231B-1051-469B-9037-6FBA1B665BEB}.Release|Any CPU.ActiveCfg = Release|Any CPU
		{D4D6231B-1051-469B-9037-6FBA1B665BEB}.Release|Any CPU.Build.0 = Release|Any CPU
	EndGlobalSection
	GlobalSection(SolutionProperties) = preSolution
		HideSolutionNode = FALSE
	EndGlobalSection
	GlobalSection(ExtensibilityGlobals) = postSolution
		SolutionGuid = {7383CD64-A045-4E4D-892F-18B3291C5D07}
	EndGlobalSection
EndGlobal
